
Microsoft Visual Studio Solution File, Format Version 12.00
# Visual Studio Version 17
VisualStudioVersion = 17.4.33205.214
MinimumVisualStudioVersion = 10.0.40219.1
Project("{8BC9CEB8-8B4A-11D0-8D11-00A0C91BC942}") = "酒水管理系统", "酒水管理系统\酒水管理系统.vcxproj", "{34E48048-81A0-482E-BCA5-A19C987C90BB}"
EndProject
Global
	GlobalSection(SolutionConfigurationPlatforms) = preSolution
		Debug|x64 = Debug|x64
		Debug|x86 = Debug|x86
		Release|x64 = Release|x64
		Release|x86 = Release|x86
	EndGlobalSection
	GlobalSection(ProjectConfigurationPlatforms) = postSolution
		{34E48048-81A0-482E-BCA5-A19C987C90BB}.Debug|x64.ActiveCfg = Debug|x64
		{34E48048-81A0-482E-BCA5-A19C987C90BB}.Debug|x64.Build.0 = Debug|x64
		{34E48048-81A0-482E-BCA5-A19C987C90BB}.Debug|x86.ActiveCfg = Debug|Win32
		{34E48048-81A0-482E-BCA5-A19C987C90BB}.Debug|x86.Build.0 = Debug|Win32
		{34E48048-81A0-482E-BCA5-A19C987C90BB}.Release|x64.ActiveCfg = Release|x64
		{34E48048-81A0-482E-BCA5-A19C987C90BB}.Release|x64.Build.0 = Release|x64
		{34E48048-81A0-482E-BCA5-A19C987C90BB}.Release|x86.ActiveCfg = Release|Win32
		{34E48048-81A0-482E-BCA5-A19C987C90BB}.Release|x86.Build.0 = Release|Win32
	EndGlobalSection
	GlobalSection(SolutionProperties) = preSolution
		HideSolutionNode = FALSE
	EndGlobalSection
	GlobalSection(ExtensibilityGlobals) = postSolution
		SolutionGuid = {95890F7F-A862-4DDC-BDA4-061D96C859AE}
	EndGlobalSection
EndGlobal
